// !$*UTF8*$!
{
	archiveVersion = 1;
	classes = {
	};
	objectVersion = 46;
	objects = {

/* Begin PBXBuildFile section */
		1E571C681EA6383400C60F01 /* ReservationAlarmViewController.swift in Sources */ = {isa = PBXBuildFile; fileRef = 1E571C671EA6383400C60F01 /* ReservationAlarmViewController.swift */; };
		1E5B9D021E9DD2260051AF6A /* BebasNeue_Bold.ttf in Resources */ = {isa = PBXBuildFile; fileRef = 1E5B9CFD1E9DD20B0051AF6A /* BebasNeue_Bold.ttf */; };
		1E5B9D031E9DD2280051AF6A /* BebasNeue_Book.ttf in Resources */ = {isa = PBXBuildFile; fileRef = 1E5B9CFE1E9DD20B0051AF6A /* BebasNeue_Book.ttf */; };
		1E5B9D041E9DD22A0051AF6A /* BebasNeue_Light.ttf in Resources */ = {isa = PBXBuildFile; fileRef = 1E5B9CFF1E9DD20B0051AF6A /* BebasNeue_Light.ttf */; };
		1E5B9D051E9DD22D0051AF6A /* BebasNeue_Regular.ttf in Resources */ = {isa = PBXBuildFile; fileRef = 1E5B9D001E9DD20B0051AF6A /* BebasNeue_Regular.ttf */; };
		1E5B9D061E9DD22F0051AF6A /* BebasNeue_Thin.ttf in Resources */ = {isa = PBXBuildFile; fileRef = 1E5B9D011E9DD20B0051AF6A /* BebasNeue_Thin.ttf */; };
		1E5B9D081E9DD48B0051AF6A /* icon_v2.png in Resources */ = {isa = PBXBuildFile; fileRef = 1E5B9D071E9DD48B0051AF6A /* icon_v2.png */; };
		1E5B9D0A1E9DE90D0051AF6A /* HomeViewController.swift in Sources */ = {isa = PBXBuildFile; fileRef = 1E5B9D091E9DE90D0051AF6A /* HomeViewController.swift */; };
		1E5B9D0E1E9DEADF0051AF6A /* StatsViewController.swift in Sources */ = {isa = PBXBuildFile; fileRef = 1E5B9D0D1E9DEADF0051AF6A /* StatsViewController.swift */; };
		1E5B9D131E9DEB1B0051AF6A /* NoticeViewController.swift in Sources */ = {isa = PBXBuildFile; fileRef = 1E5B9D121E9DEB1B0051AF6A /* NoticeViewController.swift */; };
		1E5B9D151E9DEB230051AF6A /* ReservationViewController.swift in Sources */ = {isa = PBXBuildFile; fileRef = 1E5B9D141E9DEB230051AF6A /* ReservationViewController.swift */; };
		1E5B9D171E9DEB2D0051AF6A /* MyPageViewController.swift in Sources */ = {isa = PBXBuildFile; fileRef = 1E5B9D161E9DEB2D0051AF6A /* MyPageViewController.swift */; };
		1EC870A51E9DCB2500C58B63 /* icon.png in Resources */ = {isa = PBXBuildFile; fileRef = 1EC870A41E9DCB2500C58B63 /* icon.png */; };
		1EE7BD8F1E9DF28300B9F4D4 /* LoginViewController.swift in Sources */ = {isa = PBXBuildFile; fileRef = 1EE7BD8E1E9DF28300B9F4D4 /* LoginViewController.swift */; };
		1EE7BD911E9DFEEB00B9F4D4 /* JoinViewController.swift in Sources */ = {isa = PBXBuildFile; fileRef = 1EE7BD901E9DFEEB00B9F4D4 /* JoinViewController.swift */; };
		1EE999BA1E97795300A8D53A /* AppDelegate.swift in Sources */ = {isa = PBXBuildFile; fileRef = 1EE999B91E97795300A8D53A /* AppDelegate.swift */; };
		1EE999BC1E97795300A8D53A /* ViewController.swift in Sources */ = {isa = PBXBuildFile; fileRef = 1EE999BB1E97795300A8D53A /* ViewController.swift */; };
		1EE999BF1E97795300A8D53A /* Main.storyboard in Resources */ = {isa = PBXBuildFile; fileRef = 1EE999BD1E97795300A8D53A /* Main.storyboard */; };
		1EE999C21E97795300A8D53A /* Dorm_takki.xcdatamodeld in Sources */ = {isa = PBXBuildFile; fileRef = 1EE999C01E97795300A8D53A /* Dorm_takki.xcdatamodeld */; };
		1EE999C41E97795300A8D53A /* Assets.xcassets in Resources */ = {isa = PBXBuildFile; fileRef = 1EE999C31E97795300A8D53A /* Assets.xcassets */; };
		1EE999C71E97795300A8D53A /* LaunchScreen.storyboard in Resources */ = {isa = PBXBuildFile; fileRef = 1EE999C51E97795300A8D53A /* LaunchScreen.storyboard */; };
		4E0E2BD9DF26FCF4014A7026 /* Pods_Dorm_takki.framework in Frameworks */ = {isa = PBXBuildFile; fileRef = 727636B266D57E47DE9C7065 /* Pods_Dorm_takki.framework */; };
/* End PBXBuildFile section */

/* Begin PBXFileReference section */
		1E571C671EA6383400C60F01 /* ReservationAlarmViewController.swift */ = {isa = PBXFileReference; fileEncoding = 4; lastKnownFileType = sourcecode.swift; path = ReservationAlarmViewController.swift; sourceTree = "<group>"; };
		1E5B9CFD1E9DD20B0051AF6A /* BebasNeue_Bold.ttf */ = {isa = PBXFileReference; lastKnownFileType = file; path = BebasNeue_Bold.ttf; sourceTree = "<group>"; };
		1E5B9CFE1E9DD20B0051AF6A /* BebasNeue_Book.ttf */ = {isa = PBXFileReference; lastKnownFileType = file; path = BebasNeue_Book.ttf; sourceTree = "<group>"; };
		1E5B9CFF1E9DD20B0051AF6A /* BebasNeue_Light.ttf */ = {isa = PBXFileReference; lastKnownFileType = file; path = BebasNeue_Light.ttf; sourceTree = "<group>"; };
		1E5B9D001E9DD20B0051AF6A /* BebasNeue_Regular.ttf */ = {isa = PBXFileReference; lastKnownFileType = file; path = BebasNeue_Regular.ttf; sourceTree = "<group>"; };
		1E5B9D011E9DD20B0051AF6A /* BebasNeue_Thin.ttf */ = {isa = PBXFileReference; lastKnownFileType = file; path = BebasNeue_Thin.ttf; sourceTree = "<group>"; };
		1E5B9D071E9DD48B0051AF6A /* icon_v2.png */ = {isa = PBXFileReference; lastKnownFileType = image.png; path = icon_v2.png; sourceTree = "<group>"; };
		1E5B9D091E9DE90D0051AF6A /* HomeViewController.swift */ = {isa = PBXFileReference; fileEncoding = 4; lastKnownFileType = sourcecode.swift; path = HomeViewController.swift; sourceTree = "<group>"; };
		1E5B9D0D1E9DEADF0051AF6A /* StatsViewController.swift */ = {isa = PBXFileReference; fileEncoding = 4; lastKnownFileType = sourcecode.swift; path = StatsViewController.swift; sourceTree = "<group>"; };
		1E5B9D121E9DEB1B0051AF6A /* NoticeViewController.swift */ = {isa = PBXFileReference; fileEncoding = 4; lastKnownFileType = sourcecode.swift; path = NoticeViewController.swift; sourceTree = "<group>"; };
		1E5B9D141E9DEB230051AF6A /* ReservationViewController.swift */ = {isa = PBXFileReference; fileEncoding = 4; lastKnownFileType = sourcecode.swift; path = ReservationViewController.swift; sourceTree = "<group>"; };
		1E5B9D161E9DEB2D0051AF6A /* MyPageViewController.swift */ = {isa = PBXFileReference; fileEncoding = 4; lastKnownFileType = sourcecode.swift; path = MyPageViewController.swift; sourceTree = "<group>"; };
		1EC870A41E9DCB2500C58B63 /* icon.png */ = {isa = PBXFileReference; lastKnownFileType = image.png; path = icon.png; sourceTree = "<group>"; };
		1EE7BD8E1E9DF28300B9F4D4 /* LoginViewController.swift */ = {isa = PBXFileReference; fileEncoding = 4; lastKnownFileType = sourcecode.swift; path = LoginViewController.swift; sourceTree = "<group>"; };
		1EE7BD901E9DFEEB00B9F4D4 /* JoinViewController.swift */ = {isa = PBXFileReference; fileEncoding = 4; lastKnownFileType = sourcecode.swift; path = JoinViewController.swift; sourceTree = "<group>"; };
		1EE999B61E97795300A8D53A /* Dorm+takki.app */ = {isa = PBXFileReference; explicitFileType = wrapper.application; includeInIndex = 0; path = "Dorm+takki.app"; sourceTree = BUILT_PRODUCTS_DIR; };
		1EE999B91E97795300A8D53A /* AppDelegate.swift */ = {isa = PBXFileReference; lastKnownFileType = sourcecode.swift; path = AppDelegate.swift; sourceTree = "<group>"; };
		1EE999BB1E97795300A8D53A /* ViewController.swift */ = {isa = PBXFileReference; lastKnownFileType = sourcecode.swift; path = ViewController.swift; sourceTree = "<group>"; };
		1EE999BE1E97795300A8D53A /* Base */ = {isa = PBXFileReference; lastKnownFileType = file.storyboard; name = Base; path = Base.lproj/Main.storyboard; sourceTree = "<group>"; };
		1EE999C11E97795300A8D53A /* Dorm_takki.xcdatamodel */ = {isa = PBXFileReference; lastKnownFileType = wrapper.xcdatamodel; path = Dorm_takki.xcdatamodel; sourceTree = "<group>"; };
		1EE999C31E97795300A8D53A /* Assets.xcassets */ = {isa = PBXFileReference; lastKnownFileType = folder.assetcatalog; path = Assets.xcassets; sourceTree = "<group>"; };
		1EE999C61E97795300A8D53A /* Base */ = {isa = PBXFileReference; lastKnownFileType = file.storyboard; name = Base; path = Base.lproj/LaunchScreen.storyboard; sourceTree = "<group>"; };
		1EE999C81E97795300A8D53A /* Info.plist */ = {isa = PBXFileReference; lastKnownFileType = text.plist.xml; path = Info.plist; sourceTree = "<group>"; };
		727636B266D57E47DE9C7065 /* Pods_Dorm_takki.framework */ = {isa = PBXFileReference; explicitFileType = wrapper.framework; includeInIndex = 0; path = Pods_Dorm_takki.framework; sourceTree = BUILT_PRODUCTS_DIR; };
		91E275B92C3C21D8B11A7DDF /* Pods-Dorm+takki.debug.xcconfig */ = {isa = PBXFileReference; includeInIndex = 1; lastKnownFileType = text.xcconfig; name = "Pods-Dorm+takki.debug.xcconfig"; path = "Pods/Target Support Files/Pods-Dorm+takki/Pods-Dorm+takki.debug.xcconfig"; sourceTree = "<group>"; };
		D164E3400A9235C77EA9C838 /* Pods-Dorm+takki.release.xcconfig */ = {isa = PBXFileReference; includeInIndex = 1; lastKnownFileType = text.xcconfig; name = "Pods-Dorm+takki.release.xcconfig"; path = "Pods/Target Support Files/Pods-Dorm+takki/Pods-Dorm+takki.release.xcconfig"; sourceTree = "<group>"; };
/* End PBXFileReference section */

/* Begin PBXFrameworksBuildPhase section */
		1EE999B31E97795300A8D53A /* Frameworks */ = {
			isa = PBXFrameworksBuildPhase;
			buildActionMask = 2147483647;
			files = (
				4E0E2BD9DF26FCF4014A7026 /* Pods_Dorm_takki.framework in Frameworks */,
			);
			runOnlyForDeploymentPostprocessing = 0;
		};
/* End PBXFrameworksBuildPhase section */

/* Begin PBXGroup section */
		1E5B9D0B1E9DEAC90051AF6A /* Home */ = {
			isa = PBXGroup;
			children = (
				1E5B9D091E9DE90D0051AF6A /* HomeViewController.swift */,
				1E571C671EA6383400C60F01 /* ReservationAlarmViewController.swift */,
			);
			name = Home;
			sourceTree = "<group>";
		};
		1E5B9D0C1E9DEAD30051AF6A /* Statstics */ = {
			isa = PBXGroup;
			children = (
				1E5B9D0D1E9DEADF0051AF6A /* StatsViewController.swift */,
			);
			name = Statstics;
			sourceTree = "<group>";
		};
		1E5B9D0F1E9DEAF30051AF6A /* Notice */ = {
			isa = PBXGroup;
			children = (
				1E5B9D121E9DEB1B0051AF6A /* NoticeViewController.swift */,
			);
			name = Notice;
			sourceTree = "<group>";
		};
		1E5B9D101E9DEAFA0051AF6A /* Reservation */ = {
			isa = PBXGroup;
			children = (
				1E5B9D141E9DEB230051AF6A /* ReservationViewController.swift */,
			);
			name = Reservation;
			sourceTree = "<group>";
		};
		1E5B9D111E9DEB040051AF6A /* My Page */ = {
			isa = PBXGroup;
			children = (
				1E5B9D161E9DEB2D0051AF6A /* MyPageViewController.swift */,
			);
			name = "My Page";
			sourceTree = "<group>";
		};
		1EC870A31E9DCB0E00C58B63 /* Resources */ = {
			isa = PBXGroup;
			children = (
				1E5B9D071E9DD48B0051AF6A /* icon_v2.png */,
				1E5B9CFD1E9DD20B0051AF6A /* BebasNeue_Bold.ttf */,
				1E5B9CFE1E9DD20B0051AF6A /* BebasNeue_Book.ttf */,
				1E5B9CFF1E9DD20B0051AF6A /* BebasNeue_Light.ttf */,
				1E5B9D001E9DD20B0051AF6A /* BebasNeue_Regular.ttf */,
				1E5B9D011E9DD20B0051AF6A /* BebasNeue_Thin.ttf */,
				1EC870A41E9DCB2500C58B63 /* icon.png */,
			);
			name = Resources;
			sourceTree = "<group>";
		};
		1EE7BD8B1E9DF25B00B9F4D4 /* Tab Bar */ = {
			isa = PBXGroup;
			children = (
				1E5B9D0B1E9DEAC90051AF6A /* Home */,
				1E5B9D0C1E9DEAD30051AF6A /* Statstics */,
				1E5B9D0F1E9DEAF30051AF6A /* Notice */,
				1E5B9D101E9DEAFA0051AF6A /* Reservation */,
				1E5B9D111E9DEB040051AF6A /* My Page */,
			);
			name = "Tab Bar";
			sourceTree = "<group>";
		};
		1EE7BD8C1E9DF26C00B9F4D4 /* UI */ = {
			isa = PBXGroup;
			children = (
				1EE7BD8B1E9DF25B00B9F4D4 /* Tab Bar */,
				1EE7BD8E1E9DF28300B9F4D4 /* LoginViewController.swift */,
				1EE7BD901E9DFEEB00B9F4D4 /* JoinViewController.swift */,
			);
			name = UI;
			sourceTree = "<group>";
		};
		1EE999AD1E97795300A8D53A = {
			isa = PBXGroup;
			children = (
				1EE999B81E97795300A8D53A /* Dorm+takki */,
				1EE999B71E97795300A8D53A /* Products */,
				4514921A26A70DC7079B519D /* Pods */,
				622D854D2A6AD474FEE7BE9A /* Frameworks */,
			);
			sourceTree = "<group>";
		};
		1EE999B71E97795300A8D53A /* Products */ = {
			isa = PBXGroup;
			children = (
				1EE999B61E97795300A8D53A /* Dorm+takki.app */,
			);
			name = Products;
			sourceTree = "<group>";
		};
		1EE999B81E97795300A8D53A /* Dorm+takki */ = {
			isa = PBXGroup;
			children = (
				1EE7BD8C1E9DF26C00B9F4D4 /* UI */,
				1EC870A31E9DCB0E00C58B63 /* Resources */,
				1EE999B91E97795300A8D53A /* AppDelegate.swift */,
				1EE999BB1E97795300A8D53A /* ViewController.swift */,
				1EE999BD1E97795300A8D53A /* Main.storyboard */,
				1EE999C31E97795300A8D53A /* Assets.xcassets */,
				1EE999C51E97795300A8D53A /* LaunchScreen.storyboard */,
				1EE999C81E97795300A8D53A /* Info.plist */,
				1EE999C01E97795300A8D53A /* Dorm_takki.xcdatamodeld */,
			);
			path = "Dorm+takki";
			sourceTree = "<group>";
		};
		4514921A26A70DC7079B519D /* Pods */ = {
			isa = PBXGroup;
			children = (
				91E275B92C3C21D8B11A7DDF /* Pods-Dorm+takki.debug.xcconfig */,
				D164E3400A9235C77EA9C838 /* Pods-Dorm+takki.release.xcconfig */,
			);
			name = Pods;
			sourceTree = "<group>";
		};
		622D854D2A6AD474FEE7BE9A /* Frameworks */ = {
			isa = PBXGroup;
			children = (
				727636B266D57E47DE9C7065 /* Pods_Dorm_takki.framework */,
			);
			name = Frameworks;
			sourceTree = "<group>";
		};
/* End PBXGroup section */

/* Begin PBXNativeTarget section */
		1EE999B51E97795300A8D53A /* Dorm+takki */ = {
			isa = PBXNativeTarget;
			buildConfigurationList = 1EE999CB1E97795300A8D53A /* Build configuration list for PBXNativeTarget "Dorm+takki" */;
			buildPhases = (
				4003575663F07B1F3029EDE8 /* [CP] Check Pods Manifest.lock */,
				1EE999B21E97795300A8D53A /* Sources */,
				1EE999B31E97795300A8D53A /* Frameworks */,
				1EE999B41E97795300A8D53A /* Resources */,
				5CE68181B5C3494E58C73119 /* [CP] Embed Pods Frameworks */,
				50F51136A0F778959C3A3990 /* [CP] Copy Pods Resources */,
			);
			buildRules = (
			);
			dependencies = (
			);
			name = "Dorm+takki";
			productName = "Dorm+takki";
			productReference = 1EE999B61E97795300A8D53A /* Dorm+takki.app */;
			productType = "com.apple.product-type.application";
		};
/* End PBXNativeTarget section */

/* Begin PBXProject section */
		1EE999AE1E97795300A8D53A /* Project object */ = {
			isa = PBXProject;
			attributes = {
				LastSwiftUpdateCheck = 0830;
				LastUpgradeCheck = 0830;
				ORGANIZATIONNAME = "이승희";
				TargetAttributes = {
					1EE999B51E97795300A8D53A = {
						CreatedOnToolsVersion = 8.3;
						DevelopmentTeam = 7NMZQ5ZZP5;
						ProvisioningStyle = Automatic;
					};
				};
			};
			buildConfigurationList = 1EE999B11E97795300A8D53A /* Build configuration list for PBXProject "Dorm+takki" */;
			compatibilityVersion = "Xcode 3.2";
			developmentRegion = English;
			hasScannedForEncodings = 0;
			knownRegions = (
				en,
				Base,
			);
			mainGroup = 1EE999AD1E97795300A8D53A;
			productRefGroup = 1EE999B71E97795300A8D53A /* Products */;
			projectDirPath = "";
			projectRoot = "";
			targets = (
				1EE999B51E97795300A8D53A /* Dorm+takki */,
			);
		};
/* End PBXProject section */

/* Begin PBXResourcesBuildPhase section */
		1EE999B41E97795300A8D53A /* Resources */ = {
			isa = PBXResourcesBuildPhase;
			buildActionMask = 2147483647;
			files = (
				1E5B9D021E9DD2260051AF6A /* BebasNeue_Bold.ttf in Resources */,
				1EC870A51E9DCB2500C58B63 /* icon.png in Resources */,
				1E5B9D041E9DD22A0051AF6A /* BebasNeue_Light.ttf in Resources */,
				1E5B9D031E9DD2280051AF6A /* BebasNeue_Book.ttf in Resources */,
				1E5B9D051E9DD22D0051AF6A /* BebasNeue_Regular.ttf in Resources */,
				1EE999C71E97795300A8D53A /* LaunchScreen.storyboard in Resources */,
				1EE999C41E97795300A8D53A /* Assets.xcassets in Resources */,
				1E5B9D061E9DD22F0051AF6A /* BebasNeue_Thin.ttf in Resources */,
				1E5B9D081E9DD48B0051AF6A /* icon_v2.png in Resources */,
				1EE999BF1E97795300A8D53A /* Main.storyboard in Resources */,
			);
			runOnlyForDeploymentPostprocessing = 0;
		};
/* End PBXResourcesBuildPhase section */

/* Begin PBXShellScriptBuildPhase section */
		4003575663F07B1F3029EDE8 /* [CP] Check Pods Manifest.lock */ = {
			isa = PBXShellScriptBuildPhase;
			buildActionMask = 2147483647;
			files = (
			);
			inputPaths = (
			);
			name = "[CP] Check Pods Manifest.lock";
			outputPaths = (
			);
			runOnlyForDeploymentPostprocessing = 0;
			shellPath = /bin/sh;
			shellScript = "diff \"${PODS_PODFILE_DIR_PATH}/Podfile.lock\" \"${PODS_ROOT}/Manifest.lock\" > /dev/null\nif [ $? != 0 ] ; then\n    # print error to STDERR\n    echo \"error: The sandbox is not in sync with the Podfile.lock. Run 'pod install' or update your CocoaPods installation.\" >&2\n    exit 1\nfi\n";
			showEnvVarsInLog = 0;
		};
		50F51136A0F778959C3A3990 /* [CP] Copy Pods Resources */ = {
			isa = PBXShellScriptBuildPhase;
			buildActionMask = 2147483647;
			files = (
			);
			inputPaths = (
			);
			name = "[CP] Copy Pods Resources";
			outputPaths = (
			);
			runOnlyForDeploymentPostprocessing = 0;
			shellPath = /bin/sh;
			shellScript = "\"${SRCROOT}/Pods/Target Support Files/Pods-Dorm+takki/Pods-Dorm+takki-resources.sh\"\n";
			showEnvVarsInLog = 0;
		};
		5CE68181B5C3494E58C73119 /* [CP] Embed Pods Frameworks */ = {
			isa = PBXShellScriptBuildPhase;
			buildActionMask = 2147483647;
			files = (
			);
			inputPaths = (
			);
			name = "[CP] Embed Pods Frameworks";
			outputPaths = (
			);
			runOnlyForDeploymentPostprocessing = 0;
			shellPath = /bin/sh;
			shellScript = "\"${SRCROOT}/Pods/Target Support Files/Pods-Dorm+takki/Pods-Dorm+takki-frameworks.sh\"\n";
			showEnvVarsInLog = 0;
		};
/* End PBXShellScriptBuildPhase section */

/* Begin PBXSourcesBuildPhase section */
		1EE999B21E97795300A8D53A /* Sources */ = {
			isa = PBXSourcesBuildPhase;
			buildActionMask = 2147483647;
			files = (
				1EE7BD8F1E9DF28300B9F4D4 /* LoginViewController.swift in Sources */,
				1EE999BC1E97795300A8D53A /* ViewController.swift in Sources */,
				1E571C681EA6383400C60F01 /* ReservationAlarmViewController.swift in Sources */,
				1EE999C21E97795300A8D53A /* Dorm_takki.xcdatamodeld in Sources */,
				1EE999BA1E97795300A8D53A /* AppDelegate.swift in Sources */,
				1E5B9D0E1E9DEADF0051AF6A /* StatsViewController.swift in Sources */,
				1E5B9D131E9DEB1B0051AF6A /* NoticeViewController.swift in Sources */,
				1E5B9D151E9DEB230051AF6A /* ReservationViewController.swift in Sources */,
				1E5B9D0A1E9DE90D0051AF6A /* HomeViewController.swift in Sources */,
				1EE7BD911E9DFEEB00B9F4D4 /* JoinViewController.swift in Sources */,
				1E5B9D171E9DEB2D0051AF6A /* MyPageViewController.swift in Sources */,
			);
			runOnlyForDeploymentPostprocessing = 0;
		};
/* End PBXSourcesBuildPhase section */

/* Begin PBXVariantGroup section */
		1EE999BD1E97795300A8D53A /* Main.storyboard */ = {
			isa = PBXVariantGroup;
			children = (
				1EE999BE1E97795300A8D53A /* Base */,
			);
			name = Main.storyboard;
			sourceTree = "<group>";
		};
		1EE999C51E97795300A8D53A /* LaunchScreen.storyboard */ = {
			isa = PBXVariantGroup;
			children = (
				1EE999C61E97795300A8D53A /* Base */,
			);
			name = LaunchScreen.storyboard;
			sourceTree = "<group>";
		};
/* End PBXVariantGroup section */

/* Begin XCBuildConfiguration section */
		1EE999C91E97795300A8D53A /* Debug */ = {
			isa = XCBuildConfiguration;
			buildSettings = {
				ALWAYS_SEARCH_USER_PATHS = NO;
				CLANG_ANALYZER_NONNULL = YES;
				CLANG_ANALYZER_NUMBER_OBJECT_CONVERSION = YES_AGGRESSIVE;
				CLANG_CXX_LANGUAGE_STANDARD = "gnu++0x";
				CLANG_CXX_LIBRARY = "libc++";
				CLANG_ENABLE_MODULES = YES;
				CLANG_ENABLE_OBJC_ARC = YES;
				CLANG_WARN_BOOL_CONVERSION = YES;
				CLANG_WARN_CONSTANT_CONVERSION = YES;
				CLANG_WARN_DIRECT_OBJC_ISA_USAGE = YES_ERROR;
				CLANG_WARN_DOCUMENTATION_COMMENTS = YES;
				CLANG_WARN_EMPTY_BODY = YES;
				CLANG_WARN_ENUM_CONVERSION = YES;
				CLANG_WARN_INFINITE_RECURSION = YES;
				CLANG_WARN_INT_CONVERSION = YES;
				CLANG_WARN_OBJC_ROOT_CLASS = YES_ERROR;
				CLANG_WARN_SUSPICIOUS_MOVE = YES;
				CLANG_WARN_UNREACHABLE_CODE = YES;
				CLANG_WARN__DUPLICATE_METHOD_MATCH = YES;
				"CODE_SIGN_IDENTITY[sdk=iphoneos*]" = "iPhone Developer";
				COPY_PHASE_STRIP = NO;
				DEBUG_INFORMATION_FORMAT = dwarf;
				ENABLE_STRICT_OBJC_MSGSEND = YES;
				ENABLE_TESTABILITY = YES;
				GCC_C_LANGUAGE_STANDARD = gnu99;
				GCC_DYNAMIC_NO_PIC = NO;
				GCC_NO_COMMON_BLOCKS = YES;
				GCC_OPTIMIZATION_LEVEL = 0;
				GCC_PREPROCESSOR_DEFINITIONS = (
					"DEBUG=1",
					"$(inherited)",
				);
				GCC_WARN_64_TO_32_BIT_CONVERSION = YES;
				GCC_WARN_ABOUT_RETURN_TYPE = YES_ERROR;
				GCC_WARN_UNDECLARED_SELECTOR = YES;
				GCC_WARN_UNINITIALIZED_AUTOS = YES_AGGRESSIVE;
				GCC_WARN_UNUSED_FUNCTION = YES;
				GCC_WARN_UNUSED_VARIABLE = YES;
				IPHONEOS_DEPLOYMENT_TARGET = 10.3;
				MTL_ENABLE_DEBUG_INFO = YES;
				ONLY_ACTIVE_ARCH = YES;
				SDKROOT = iphoneos;
				SWIFT_ACTIVE_COMPILATION_CONDITIONS = DEBUG;
				SWIFT_OPTIMIZATION_LEVEL = "-Onone";
			};
			name = Debug;
		};
		1EE999CA1E97795300A8D53A /* Release */ = {
			isa = XCBuildConfiguration;
			buildSettings = {
				ALWAYS_SEARCH_USER_PATHS = NO;
				CLANG_ANALYZER_NONNULL = YES;
				CLANG_ANALYZER_NUMBER_OBJECT_CONVERSION = YES_AGGRESSIVE;
				CLANG_CXX_LANGUAGE_STANDARD = "gnu++0x";
				CLANG_CXX_LIBRARY = "libc++";
				CLANG_ENABLE_MODULES = YES;
				CLANG_ENABLE_OBJC_ARC = YES;
				CLANG_WARN_BOOL_CONVERSION = YES;
				CLANG_WARN_CONSTANT_CONVERSION = YES;
				CLANG_WARN_DIRECT_OBJC_ISA_USAGE = YES_ERROR;
				CLANG_WARN_DOCUMENTATION_COMMENTS = YES;
				CLANG_WARN_EMPTY_BODY = YES;
				CLANG_WARN_ENUM_CONVERSION = YES;
				CLANG_WARN_INFINITE_RECURSION = YES;
				CLANG_WARN_INT_CONVERSION = YES;
				CLANG_WARN_OBJC_ROOT_CLASS = YES_ERROR;
				CLANG_WARN_SUSPICIOUS_MOVE = YES;
				CLANG_WARN_UNREACHABLE_CODE = YES;
				CLANG_WARN__DUPLICATE_METHOD_MATCH = YES;
				"CODE_SIGN_IDENTITY[sdk=iphoneos*]" = "iPhone Developer";
				COPY_PHASE_STRIP = NO;
				DEBUG_INFORMATION_FORMAT = "dwarf-with-dsym";
				ENABLE_NS_ASSERTIONS = NO;
				ENABLE_STRICT_OBJC_MSGSEND = YES;
				GCC_C_LANGUAGE_STANDARD = gnu99;
				GCC_NO_COMMON_BLOCKS = YES;
				GCC_WARN_64_TO_32_BIT_CONVERSION = YES;
				GCC_WARN_ABOUT_RETURN_TYPE = YES_ERROR;
				GCC_WARN_UNDECLARED_SELECTOR = YES;
				GCC_WARN_UNINITIALIZED_AUTOS = YES_AGGRESSIVE;
				GCC_WARN_UNUSED_FUNCTION = YES;
				GCC_WARN_UNUSED_VARIABLE = YES;
				IPHONEOS_DEPLOYMENT_TARGET = 10.3;
				MTL_ENABLE_DEBUG_INFO = NO;
				SDKROOT = iphoneos;
				SWIFT_OPTIMIZATION_LEVEL = "-Owholemodule";
				VALIDATE_PRODUCT = YES;
			};
			name = Release;
		};
		1EE999CC1E97795300A8D53A /* Debug */ = {
			isa = XCBuildConfiguration;
			baseConfigurationReference = 91E275B92C3C21D8B11A7DDF /* Pods-Dorm+takki.debug.xcconfig */;
			buildSettings = {
				ASSETCATALOG_COMPILER_APPICON_NAME = AppIcon;
				DEVELOPMENT_TEAM = 7NMZQ5ZZP5;
				INFOPLIST_FILE = "Dorm+takki/Info.plist";
				IPHONEOS_DEPLOYMENT_TARGET = 10.0;
				LD_RUNPATH_SEARCH_PATHS = "$(inherited) @executable_path/Frameworks";
				PRODUCT_BUNDLE_IDENTIFIER = "com.seunghee.Dorm-takki";
				PRODUCT_NAME = "$(TARGET_NAME)";
				SWIFT_VERSION = 3.0;
			};
			name = Debug;
		};
		1EE999CD1E97795300A8D53A /* Release */ = {
			isa = XCBuildConfiguration;
			baseConfigurationReference = D164E3400A9235C77EA9C838 /* Pods-Dorm+takki.release.xcconfig */;
			buildSettings = {
				ASSETCATALOG_COMPILER_APPICON_NAME = AppIcon;
				DEVELOPMENT_TEAM = 7NMZQ5ZZP5;
				INFOPLIST_FILE = "Dorm+takki/Info.plist";
				IPHONEOS_DEPLOYMENT_TARGET = 10.0;
				LD_RUNPATH_SEARCH_PATHS = "$(inherited) @executable_path/Frameworks";
				PRODUCT_BUNDLE_IDENTIFIER = "com.seunghee.Dorm-takki";
				PRODUCT_NAME = "$(TARGET_NAME)";
				SWIFT_VERSION = 3.0;
			};
			name = Release;
		};
/* End XCBuildConfiguration section */

/* Begin XCConfigurationList section */
		1EE999B11E97795300A8D53A /* Build configuration list for PBXProject "Dorm+takki" */ = {
			isa = XCConfigurationList;
			buildConfigurations = (
				1EE999C91E97795300A8D53A /* Debug */,
				1EE999CA1E97795300A8D53A /* Release */,
			);
			defaultConfigurationIsVisible = 0;
			defaultConfigurationName = Release;
		};
		1EE999CB1E97795300A8D53A /* Build configuration list for PBXNativeTarget "Dorm+takki" */ = {
			isa = XCConfigurationList;
			buildConfigurations = (
				1EE999CC1E97795300A8D53A /* Debug */,
				1EE999CD1E97795300A8D53A /* Release */,
			);
			defaultConfigurationIsVisible = 0;
			defaultConfigurationName = Release;
		};
/* End XCConfigurationList section */

/* Begin XCVersionGroup section */
		1EE999C01E97795300A8D53A /* Dorm_takki.xcdatamodeld */ = {
			isa = XCVersionGroup;
			children = (
				1EE999C11E97795300A8D53A /* Dorm_takki.xcdatamodel */,
			);
			currentVersion = 1EE999C11E97795300A8D53A /* Dorm_takki.xcdatamodel */;
			path = Dorm_takki.xcdatamodeld;
			sourceTree = "<group>";
			versionGroupType = wrapper.xcdatamodel;
		};
/* End XCVersionGroup section */
	};
	rootObject = 1EE999AE1E97795300A8D53A /* Project object */;
}
